// !$*UTF8*$!
{
	archiveVersion = 1;
	classes = {
	};
	objectVersion = 50;
	objects = {

/* Begin PBXBuildFile section */
		DE38799A26AC12CA001D3790 /* AppDelegate.swift in Sources */ = {isa = PBXBuildFile; fileRef = DE38799926AC12CA001D3790 /* AppDelegate.swift */; };
		DE38799E26AC12CA001D3790 /* ViewController.swift in Sources */ = {isa = PBXBuildFile; fileRef = DE38799D26AC12CA001D3790 /* ViewController.swift */; };
		DE3879A326AC12CB001D3790 /* Assets.xcassets in Resources */ = {isa = PBXBuildFile; fileRef = DE3879A226AC12CB001D3790 /* Assets.xcassets */; };
		DE3879A626AC12CB001D3790 /* LaunchScreen.storyboard in Resources */ = {isa = PBXBuildFile; fileRef = DE3879A426AC12CB001D3790 /* LaunchScreen.storyboard */; };
		DE3879AE26AC14ED001D3790 /* Presenter.swift in Sources */ = {isa = PBXBuildFile; fileRef = DE3879AD26AC14ED001D3790 /* Presenter.swift */; };
		DE3879B026AC152A001D3790 /* Model.swift in Sources */ = {isa = PBXBuildFile; fileRef = DE3879AF26AC152A001D3790 /* Model.swift */; };
		DE3879B226AC20B2001D3790 /* Caluculate.storyboard in Resources */ = {isa = PBXBuildFile; fileRef = DE3879B126AC20B2001D3790 /* Caluculate.storyboard */; };
/* End PBXBuildFile section */

/* Begin PBXFileReference section */
		DE38799626AC12CA001D3790 /* sample-MVP.app */ = {isa = PBXFileReference; explicitFileType = wrapper.application; includeInIndex = 0; path = "sample-MVP.app"; sourceTree = BUILT_PRODUCTS_DIR; };
		DE38799926AC12CA001D3790 /* AppDelegate.swift */ = {isa = PBXFileReference; lastKnownFileType = sourcecode.swift; path = AppDelegate.swift; sourceTree = "<group>"; };
		DE38799D26AC12CA001D3790 /* ViewController.swift */ = {isa = PBXFileReference; lastKnownFileType = sourcecode.swift; path = ViewController.swift; sourceTree = "<group>"; };
		DE3879A226AC12CB001D3790 /* Assets.xcassets */ = {isa = PBXFileReference; lastKnownFileType = folder.assetcatalog; path = Assets.xcassets; sourceTree = "<group>"; };
		DE3879A526AC12CB001D3790 /* Base */ = {isa = PBXFileReference; lastKnownFileType = file.storyboard; name = Base; path = Base.lproj/LaunchScreen.storyboard; sourceTree = "<group>"; };
		DE3879A726AC12CB001D3790 /* Info.plist */ = {isa = PBXFileReference; lastKnownFileType = text.plist.xml; path = Info.plist; sourceTree = "<group>"; };
		DE3879AD26AC14ED001D3790 /* Presenter.swift */ = {isa = PBXFileReference; lastKnownFileType = sourcecode.swift; path = Presenter.swift; sourceTree = "<group>"; };
		DE3879AF26AC152A001D3790 /* Model.swift */ = {isa = PBXFileReference; lastKnownFileType = sourcecode.swift; path = Model.swift; sourceTree = "<group>"; };
		DE3879B126AC20B2001D3790 /* Caluculate.storyboard */ = {isa = PBXFileReference; lastKnownFileType = file.storyboard; path = Caluculate.storyboard; sourceTree = "<group>"; };
/* End PBXFileReference section */

/* Begin PBXFrameworksBuildPhase section */
		DE38799326AC12C9001D3790 /* Frameworks */ = {
			isa = PBXFrameworksBuildPhase;
			buildActionMask = 2147483647;
			files = (
			);
			runOnlyForDeploymentPostprocessing = 0;
		};
/* End PBXFrameworksBuildPhase section */

/* Begin PBXGroup section */
		DE38798D26AC12C9001D3790 = {
			isa = PBXGroup;
			children = (
				DE38799826AC12CA001D3790 /* sample-MVP */,
				DE38799726AC12CA001D3790 /* Products */,
			);
			sourceTree = "<group>";
		};
		DE38799726AC12CA001D3790 /* Products */ = {
			isa = PBXGroup;
			children = (
				DE38799626AC12CA001D3790 /* sample-MVP.app */,
			);
			name = Products;
			sourceTree = "<group>";
		};
		DE38799826AC12CA001D3790 /* sample-MVP */ = {
			isa = PBXGroup;
			children = (
				DE38799926AC12CA001D3790 /* AppDelegate.swift */,
				DE38799D26AC12CA001D3790 /* ViewController.swift */,
				DE3879AD26AC14ED001D3790 /* Presenter.swift */,
				DE3879AF26AC152A001D3790 /* Model.swift */,
				DE3879B126AC20B2001D3790 /* Caluculate.storyboard */,
				DE3879A226AC12CB001D3790 /* Assets.xcassets */,
				DE3879A426AC12CB001D3790 /* LaunchScreen.storyboard */,
				DE3879A726AC12CB001D3790 /* Info.plist */,
			);
			path = "sample-MVP";
			sourceTree = "<group>";
		};
/* End PBXGroup section */

/* Begin PBXNativeTarget section */
		DE38799526AC12C9001D3790 /* sample-MVP */ = {
			isa = PBXNativeTarget;
			buildConfigurationList = DE3879AA26AC12CB001D3790 /* Build configuration list for PBXNativeTarget "sample-MVP" */;
			buildPhases = (
				DE38799226AC12C9001D3790 /* Sources */,
				DE38799326AC12C9001D3790 /* Frameworks */,
				DE38799426AC12C9001D3790 /* Resources */,
			);
			buildRules = (
			);
			dependencies = (
			);
			name = "sample-MVP";
			productName = "sample-MVP";
			productReference = DE38799626AC12CA001D3790 /* sample-MVP.app */;
			productType = "com.apple.product-type.application";
		};
/* End PBXNativeTarget section */

/* Begin PBXProject section */
		DE38798E26AC12C9001D3790 /* Project object */ = {
			isa = PBXProject;
			attributes = {
				LastSwiftUpdateCheck = 1250;
				LastUpgradeCheck = 1250;
				TargetAttributes = {
					DE38799526AC12C9001D3790 = {
						CreatedOnToolsVersion = 12.5.1;
					};
				};
			};
			buildConfigurationList = DE38799126AC12C9001D3790 /* Build configuration list for PBXProject "sample-MVP" */;
			compatibilityVersion = "Xcode 9.3";
			developmentRegion = en;
			hasScannedForEncodings = 0;
			knownRegions = (
				en,
				Base,
			);
			mainGroup = DE38798D26AC12C9001D3790;
			productRefGroup = DE38799726AC12CA001D3790 /* Products */;
			projectDirPath = "";
			projectRoot = "";
			targets = (
				DE38799526AC12C9001D3790 /* sample-MVP */,
			);
		};
/* End PBXProject section */

/* Begin PBXResourcesBuildPhase section */
		DE38799426AC12C9001D3790 /* Resources */ = {
			isa = PBXResourcesBuildPhase;
			buildActionMask = 2147483647;
			files = (
				DE3879A626AC12CB001D3790 /* LaunchScreen.storyboard in Resources */,
				DE3879A326AC12CB001D3790 /* Assets.xcassets in Resources */,
				DE3879B226AC20B2001D3790 /* Caluculate.storyboard in Resources */,
			);
			runOnlyForDeploymentPostprocessing = 0;
		};
/* End PBXResourcesBuildPhase section */

/* Begin PBXSourcesBuildPhase section */
		DE38799226AC12C9001D3790 /* Sources */ = {
			isa = PBXSourcesBuildPhase;
			buildActionMask = 2147483647;
			files = (
				DE3879B026AC152A001D3790 /* Model.swift in Sources */,
				DE38799E26AC12CA001D3790 /* ViewController.swift in Sources */,
				DE38799A26AC12CA001D3790 /* AppDelegate.swift in Sources */,
				DE3879AE26AC14ED001D3790 /* Presenter.swift in Sources */,
			);
			runOnlyForDeploymentPostprocessing = 0;
		};
/* End PBXSourcesBuildPhase section */

/* Begin PBXVariantGroup section */
		DE3879A426AC12CB001D3790 /* LaunchScreen.storyboard */ = {
			isa = PBXVariantGroup;
			children = (
				DE3879A526AC12CB001D3790 /* Base */,
			);
			name = LaunchScreen.storyboard;
			sourceTree = "<group>";
		};
/* End PBXVariantGroup section */

/* Begin XCBuildConfiguration section */
		DE3879A826AC12CB001D3790 /* Debug */ = {
			isa = XCBuildConfiguration;
			buildSettings = {
				ALWAYS_SEARCH_USER_PATHS = NO;
				CLANG_ANALYZER_NONNULL = YES;
				CLANG_ANALYZER_NUMBER_OBJECT_CONVERSION = YES_AGGRESSIVE;
				CLANG_CXX_LANGUAGE_STANDARD = "gnu++14";
				CLANG_CXX_LIBRARY = "libc++";
				CLANG_ENABLE_MODULES = YES;
				CLANG_ENABLE_OBJC_ARC = YES;
				CLANG_ENABLE_OBJC_WEAK = YES;
				CLANG_WARN_BLOCK_CAPTURE_AUTORELEASING = YES;
				CLANG_WARN_BOOL_CONVERSION = YES;
				CLANG_WARN_COMMA = YES;
				CLANG_WARN_CONSTANT_CONVERSION = YES;
				CLANG_WARN_DEPRECATED_OBJC_IMPLEMENTATIONS = YES;
				CLANG_WARN_DIRECT_OBJC_ISA_USAGE = YES_ERROR;
				CLANG_WARN_DOCUMENTATION_COMMENTS = YES;
				CLANG_WARN_EMPTY_BODY = YES;
				CLANG_WARN_ENUM_CONVERSION = YES;
				CLANG_WARN_INFINITE_RECURSION = YES;
				CLANG_WARN_INT_CONVERSION = YES;
				CLANG_WARN_NON_LITERAL_NULL_CONVERSION = YES;
				CLANG_WARN_OBJC_IMPLICIT_RETAIN_SELF = YES;
				CLANG_WARN_OBJC_LITERAL_CONVERSION = YES;
				CLANG_WARN_OBJC_ROOT_CLASS = YES_ERROR;
				CLANG_WARN_QUOTED_INCLUDE_IN_FRAMEWORK_HEADER = YES;
				CLANG_WARN_RANGE_LOOP_ANALYSIS = YES;
				CLANG_WARN_STRICT_PROTOTYPES = YES;
				CLANG_WARN_SUSPICIOUS_MOVE = YES;
				CLANG_WARN_UNGUARDED_AVAILABILITY = YES_AGGRESSIVE;
				CLANG_WARN_UNREACHABLE_CODE = YES;
				CLANG_WARN__DUPLICATE_METHOD_MATCH = YES;
				COPY_PHASE_STRIP = NO;
				DEBUG_INFORMATION_FORMAT = dwarf;
				ENABLE_STRICT_OBJC_MSGSEND = YES;
				ENABLE_TESTABILITY = YES;
				GCC_C_LANGUAGE_STANDARD = gnu11;
				GCC_DYNAMIC_NO_PIC = NO;
				GCC_NO_COMMON_BLOCKS = YES;
				GCC_OPTIMIZATION_LEVEL = 0;
				GCC_PREPROCESSOR_DEFINITIONS = (
					"DEBUG=1",
					"$(inherited)",
				);
				GCC_WARN_64_TO_32_BIT_CONVERSION = YES;
				GCC_WARN_ABOUT_RETURN_TYPE = YES_ERROR;
				GCC_WARN_UNDECLARED_SELECTOR = YES;
				GCC_WARN_UNINITIALIZED_AUTOS = YES_AGGRESSIVE;
				GCC_WARN_UNUSED_FUNCTION = YES;
				GCC_WARN_UNUSED_VARIABLE = YES;
				IPHONEOS_DEPLOYMENT_TARGET = 14.5;
				MTL_ENABLE_DEBUG_INFO = INCLUDE_SOURCE;
				MTL_FAST_MATH = YES;
				ONLY_ACTIVE_ARCH = YES;
				SDKROOT = iphoneos;
				SWIFT_ACTIVE_COMPILATION_CONDITIONS = DEBUG;
				SWIFT_OPTIMIZATION_LEVEL = "-Onone";
			};
			name = Debug;
		};
		DE3879A926AC12CB001D3790 /* Release */ = {
			isa = XCBuildConfiguration;
			buildSettings = {
				ALWAYS_SEARCH_USER_PATHS = NO;
				CLANG_ANALYZER_NONNULL = YES;
				CLANG_ANALYZER_NUMBER_OBJECT_CONVERSION = YES_AGGRESSIVE;
				CLANG_CXX_LANGUAGE_STANDARD = "gnu++14";
				CLANG_CXX_LIBRARY = "libc++";
				CLANG_ENABLE_MODULES = YES;
				CLANG_ENABLE_OBJC_ARC = YES;
				CLANG_ENABLE_OBJC_WEAK = YES;
				CLANG_WARN_BLOCK_CAPTURE_AUTORELEASING = YES;
				CLANG_WARN_BOOL_CONVERSION = YES;
				CLANG_WARN_COMMA = YES;
				CLANG_WARN_CONSTANT_CONVERSION = YES;
				CLANG_WARN_DEPRECATED_OBJC_IMPLEMENTATIONS = YES;
				CLANG_WARN_DIRECT_OBJC_ISA_USAGE = YES_ERROR;
				CLANG_WARN_DOCUMENTATION_COMMENTS = YES;
				CLANG_WARN_EMPTY_BODY = YES;
				CLANG_WARN_ENUM_CONVERSION = YES;
				CLANG_WARN_INFINITE_RECURSION = YES;
				CLANG_WARN_INT_CONVERSION = YES;
				CLANG_WARN_NON_LITERAL_NULL_CONVERSION = YES;
				CLANG_WARN_OBJC_IMPLICIT_RETAIN_SELF = YES;
				CLANG_WARN_OBJC_LITERAL_CONVERSION = YES;
				CLANG_WARN_OBJC_ROOT_CLASS = YES_ERROR;
				CLANG_WARN_QUOTED_INCLUDE_IN_FRAMEWORK_HEADER = YES;
				CLANG_WARN_RANGE_LOOP_ANALYSIS = YES;
				CLANG_WARN_STRICT_PROTOTYPES = YES;
				CLANG_WARN_SUSPICIOUS_MOVE = YES;
				CLANG_WARN_UNGUARDED_AVAILABILITY = YES_AGGRESSIVE;
				CLANG_WARN_UNREACHABLE_CODE = YES;
				CLANG_WARN__DUPLICATE_METHOD_MATCH = YES;
				COPY_PHASE_STRIP = NO;
				DEBUG_INFORMATION_FORMAT = "dwarf-with-dsym";
				ENABLE_NS_ASSERTIONS = NO;
				ENABLE_STRICT_OBJC_MSGSEND = YES;
				GCC_C_LANGUAGE_STANDARD = gnu11;
				GCC_NO_COMMON_BLOCKS = YES;
				GCC_WARN_64_TO_32_BIT_CONVERSION = YES;
				GCC_WARN_ABOUT_RETURN_TYPE = YES_ERROR;
				GCC_WARN_UNDECLARED_SELECTOR = YES;
				GCC_WARN_UNINITIALIZED_AUTOS = YES_AGGRESSIVE;
				GCC_WARN_UNUSED_FUNCTION = YES;
				GCC_WARN_UNUSED_VARIABLE = YES;
				IPHONEOS_DEPLOYMENT_TARGET = 14.5;
				MTL_ENABLE_DEBUG_INFO = NO;
				MTL_FAST_MATH = YES;
				SDKROOT = iphoneos;
				SWIFT_COMPILATION_MODE = wholemodule;
				SWIFT_OPTIMIZATION_LEVEL = "-O";
				VALIDATE_PRODUCT = YES;
			};
			name = Release;
		};
		DE3879AB26AC12CB001D3790 /* Debug */ = {
			isa = XCBuildConfiguration;
			buildSettings = {
				ASSETCATALOG_COMPILER_APPICON_NAME = AppIcon;
				ASSETCATALOG_COMPILER_GLOBAL_ACCENT_COLOR_NAME = AccentColor;
				CODE_SIGN_STYLE = Automatic;
				INFOPLIST_FILE = "sample-MVP/Info.plist";
				LD_RUNPATH_SEARCH_PATHS = (
					"$(inherited)",
					"@executable_path/Frameworks",
				);
				PRODUCT_BUNDLE_IDENTIFIER = "com.okadai.sample-MVP";
				PRODUCT_NAME = "$(TARGET_NAME)";
				SWIFT_VERSION = 5.0;
				TARGETED_DEVICE_FAMILY = 1;
			};
			name = Debug;
		};
		DE3879AC26AC12CB001D3790 /* Release */ = {
			isa = XCBuildConfiguration;
			buildSettings = {
				ASSETCATALOG_COMPILER_APPICON_NAME = AppIcon;
				ASSETCATALOG_COMPILER_GLOBAL_ACCENT_COLOR_NAME = AccentColor;
				CODE_SIGN_STYLE = Automatic;
				INFOPLIST_FILE = "sample-MVP/Info.plist";
				LD_RUNPATH_SEARCH_PATHS = (
					"$(inherited)",
					"@executable_path/Frameworks",
				);
				PRODUCT_BUNDLE_IDENTIFIER = "com.okadai.sample-MVP";
				PRODUCT_NAME = "$(TARGET_NAME)";
				SWIFT_VERSION = 5.0;
				TARGETED_DEVICE_FAMILY = 1;
			};
			name = Release;
		};
/* End XCBuildConfiguration section */

/* Begin XCConfigurationList section */
		DE38799126AC12C9001D3790 /* Build configuration list for PBXProject "sample-MVP" */ = {
			isa = XCConfigurationList;
			buildConfigurations = (
				DE3879A826AC12CB001D3790 /* Debug */,
				DE3879A926AC12CB001D3790 /* Release */,
			);
			defaultConfigurationIsVisible = 0;
			defaultConfigurationName = Release;
		};
		DE3879AA26AC12CB001D3790 /* Build configuration list for PBXNativeTarget "sample-MVP" */ = {
			isa = XCConfigurationList;
			buildConfigurations = (
				DE3879AB26AC12CB001D3790 /* Debug */,
				DE3879AC26AC12CB001D3790 /* Release */,
			);
			defaultConfigurationIsVisible = 0;
			defaultConfigurationName = Release;
		};
/* End XCConfigurationList section */
	};
	rootObject = DE38798E26AC12C9001D3790 /* Project object */;
}
